// !$*UTF8*$!
{
	archiveVersion = 1;
	classes = {
	};
	objectVersion = 50;
	objects = {

/* Begin PBXBuildFile section */
		823457EE22B6346300DBC90B /* AppDelegate.swift in Sources */ = {isa = PBXBuildFile; fileRef = 823457ED22B6346300DBC90B /* AppDelegate.swift */; };
		823457F022B6346300DBC90B /* SceneDelegate.swift in Sources */ = {isa = PBXBuildFile; fileRef = 823457EF22B6346300DBC90B /* SceneDelegate.swift */; };
		823457F222B6346300DBC90B /* ContentView.swift in Sources */ = {isa = PBXBuildFile; fileRef = 823457F122B6346300DBC90B /* ContentView.swift */; };
		823457F422B6346300DBC90B /* Assets.xcassets in Resources */ = {isa = PBXBuildFile; fileRef = 823457F322B6346300DBC90B /* Assets.xcassets */; };
		823457F722B6346300DBC90B /* Preview Assets.xcassets in Resources */ = {isa = PBXBuildFile; fileRef = 823457F622B6346300DBC90B /* Preview Assets.xcassets */; };
		823457FA22B6346300DBC90B /* LaunchScreen.storyboard in Resources */ = {isa = PBXBuildFile; fileRef = 823457F822B6346300DBC90B /* LaunchScreen.storyboard */; };
		8234580422B6388300DBC90B /* main.scn in Resources */ = {isa = PBXBuildFile; fileRef = 8234580322B6388300DBC90B /* main.scn */; };
		8234580622B6389200DBC90B /* bg.jpeg in Resources */ = {isa = PBXBuildFile; fileRef = 8234580522B6389200DBC90B /* bg.jpeg */; };
/* End PBXBuildFile section */

/* Begin PBXFileReference section */
		823457EA22B6346300DBC90B /* SwiftUIinSceneKit.app */ = {isa = PBXFileReference; explicitFileType = wrapper.application; includeInIndex = 0; path = SwiftUIinSceneKit.app; sourceTree = BUILT_PRODUCTS_DIR; };
		823457ED22B6346300DBC90B /* AppDelegate.swift */ = {isa = PBXFileReference; lastKnownFileType = sourcecode.swift; path = AppDelegate.swift; sourceTree = "<group>"; };
		823457EF22B6346300DBC90B /* SceneDelegate.swift */ = {isa = PBXFileReference; lastKnownFileType = sourcecode.swift; path = SceneDelegate.swift; sourceTree = "<group>"; };
		823457F122B6346300DBC90B /* ContentView.swift */ = {isa = PBXFileReference; lastKnownFileType = sourcecode.swift; path = ContentView.swift; sourceTree = "<group>"; };
		823457F322B6346300DBC90B /* Assets.xcassets */ = {isa = PBXFileReference; lastKnownFileType = folder.assetcatalog; path = Assets.xcassets; sourceTree = "<group>"; };
		823457F622B6346300DBC90B /* Preview Assets.xcassets */ = {isa = PBXFileReference; lastKnownFileType = folder.assetcatalog; path = "Preview Assets.xcassets"; sourceTree = "<group>"; };
		823457F922B6346300DBC90B /* Base */ = {isa = PBXFileReference; lastKnownFileType = file.storyboard; name = Base; path = Base.lproj/LaunchScreen.storyboard; sourceTree = "<group>"; };
		823457FB22B6346300DBC90B /* Info.plist */ = {isa = PBXFileReference; lastKnownFileType = text.plist.xml; path = Info.plist; sourceTree = "<group>"; };
		8234580322B6388300DBC90B /* main.scn */ = {isa = PBXFileReference; lastKnownFileType = file.bplist; path = main.scn; sourceTree = "<group>"; };
		8234580522B6389200DBC90B /* bg.jpeg */ = {isa = PBXFileReference; lastKnownFileType = image.jpeg; path = bg.jpeg; sourceTree = "<group>"; };
/* End PBXFileReference section */

/* Begin PBXFrameworksBuildPhase section */
		823457E722B6346300DBC90B /* Frameworks */ = {
			isa = PBXFrameworksBuildPhase;
			buildActionMask = 2147483647;
			files = (
			);
			runOnlyForDeploymentPostprocessing = 0;
		};
/* End PBXFrameworksBuildPhase section */

/* Begin PBXGroup section */
		823457E122B6346300DBC90B = {
			isa = PBXGroup;
			children = (
				823457EC22B6346300DBC90B /* SwiftUIinSceneKit */,
				823457EB22B6346300DBC90B /* Products */,
			);
			sourceTree = "<group>";
		};
		823457EB22B6346300DBC90B /* Products */ = {
			isa = PBXGroup;
			children = (
				823457EA22B6346300DBC90B /* SwiftUIinSceneKit.app */,
			);
			name = Products;
			sourceTree = "<group>";
		};
		823457EC22B6346300DBC90B /* SwiftUIinSceneKit */ = {
			isa = PBXGroup;
			children = (
				823457ED22B6346300DBC90B /* AppDelegate.swift */,
				823457EF22B6346300DBC90B /* SceneDelegate.swift */,
				823457F122B6346300DBC90B /* ContentView.swift */,
				8234580322B6388300DBC90B /* main.scn */,
				8234580522B6389200DBC90B /* bg.jpeg */,
				823457F322B6346300DBC90B /* Assets.xcassets */,
				823457F822B6346300DBC90B /* LaunchScreen.storyboard */,
				823457FB22B6346300DBC90B /* Info.plist */,
				823457F522B6346300DBC90B /* Preview Content */,
			);
			path = SwiftUIinSceneKit;
			sourceTree = "<group>";
		};
		823457F522B6346300DBC90B /* Preview Content */ = {
			isa = PBXGroup;
			children = (
				823457F622B6346300DBC90B /* Preview Assets.xcassets */,
			);
			path = "Preview Content";
			sourceTree = "<group>";
		};
/* End PBXGroup section */

/* Begin PBXNativeTarget section */
		823457E922B6346300DBC90B /* SwiftUIinSceneKit */ = {
			isa = PBXNativeTarget;
			buildConfigurationList = 823457FE22B6346300DBC90B /* Build configuration list for PBXNativeTarget "SwiftUIinSceneKit" */;
			buildPhases = (
				823457E622B6346300DBC90B /* Sources */,
				823457E722B6346300DBC90B /* Frameworks */,
				823457E822B6346300DBC90B /* Resources */,
			);
			buildRules = (
			);
			dependencies = (
			);
			name = SwiftUIinSceneKit;
			productName = SwiftUIinSceneKit;
			productReference = 823457EA22B6346300DBC90B /* SwiftUIinSceneKit.app */;
			productType = "com.apple.product-type.application";
		};
/* End PBXNativeTarget section */

/* Begin PBXProject section */
		823457E222B6346300DBC90B /* Project object */ = {
			isa = PBXProject;
			attributes = {
				LastSwiftUpdateCheck = 1100;
				LastUpgradeCheck = 1100;
				ORGANIZATIONNAME = "Toshihiro Goto";
				TargetAttributes = {
					823457E922B6346300DBC90B = {
						CreatedOnToolsVersion = 11.0;
					};
				};
			};
			buildConfigurationList = 823457E522B6346300DBC90B /* Build configuration list for PBXProject "SwiftUIinSceneKit" */;
			compatibilityVersion = "Xcode 9.3";
			developmentRegion = en;
			hasScannedForEncodings = 0;
			knownRegions = (
				en,
				Base,
			);
			mainGroup = 823457E122B6346300DBC90B;
			productRefGroup = 823457EB22B6346300DBC90B /* Products */;
			projectDirPath = "";
			projectRoot = "";
			targets = (
				823457E922B6346300DBC90B /* SwiftUIinSceneKit */,
			);
		};
/* End PBXProject section */

/* Begin PBXResourcesBuildPhase section */
		823457E822B6346300DBC90B /* Resources */ = {
			isa = PBXResourcesBuildPhase;
			buildActionMask = 2147483647;
			files = (
				823457FA22B6346300DBC90B /* LaunchScreen.storyboard in Resources */,
				823457F722B6346300DBC90B /* Preview Assets.xcassets in Resources */,
				8234580622B6389200DBC90B /* bg.jpeg in Resources */,
				8234580422B6388300DBC90B /* main.scn in Resources */,
				823457F422B6346300DBC90B /* Assets.xcassets in Resources */,
			);
			runOnlyForDeploymentPostprocessing = 0;
		};
/* End PBXResourcesBuildPhase section */

/* Begin PBXSourcesBuildPhase section */
		823457E622B6346300DBC90B /* Sources */ = {
			isa = PBXSourcesBuildPhase;
			buildActionMask = 2147483647;
			files = (
				823457EE22B6346300DBC90B /* AppDelegate.swift in Sources */,
				823457F022B6346300DBC90B /* SceneDelegate.swift in Sources */,
				823457F222B6346300DBC90B /* ContentView.swift in Sources */,
			);
			runOnlyForDeploymentPostprocessing = 0;
		};
/* End PBXSourcesBuildPhase section */

/* Begin PBXVariantGroup section */
		823457F822B6346300DBC90B /* LaunchScreen.storyboard */ = {
			isa = PBXVariantGroup;
			children = (
				823457F922B6346300DBC90B /* Base */,
			);
			name = LaunchScreen.storyboard;
			sourceTree = "<group>";
		};
/* End PBXVariantGroup section */

/* Begin XCBuildConfiguration section */
		823457FC22B6346300DBC90B /* Debug */ = {
			isa = XCBuildConfiguration;
			buildSettings = {
				ALWAYS_SEARCH_USER_PATHS = NO;
				CLANG_ANALYZER_NONNULL = YES;
				CLANG_ANALYZER_NUMBER_OBJECT_CONVERSION = YES_AGGRESSIVE;
				CLANG_CXX_LANGUAGE_STANDARD = "gnu++14";
				CLANG_CXX_LIBRARY = "libc++";
				CLANG_ENABLE_MODULES = YES;
				CLANG_ENABLE_OBJC_ARC = YES;
				CLANG_ENABLE_OBJC_WEAK = YES;
				CLANG_WARN_BLOCK_CAPTURE_AUTORELEASING = YES;
				CLANG_WARN_BOOL_CONVERSION = YES;
				CLANG_WARN_COMMA = YES;
				CLANG_WARN_CONSTANT_CONVERSION = YES;
				CLANG_WARN_DEPRECATED_OBJC_IMPLEMENTATIONS = YES;
				CLANG_WARN_DIRECT_OBJC_ISA_USAGE = YES_ERROR;
				CLANG_WARN_DOCUMENTATION_COMMENTS = YES;
				CLANG_WARN_EMPTY_BODY = YES;
				CLANG_WARN_ENUM_CONVERSION = YES;
				CLANG_WARN_INFINITE_RECURSION = YES;
				CLANG_WARN_INT_CONVERSION = YES;
				CLANG_WARN_NON_LITERAL_NULL_CONVERSION = YES;
				CLANG_WARN_OBJC_IMPLICIT_RETAIN_SELF = YES;
				CLANG_WARN_OBJC_LITERAL_CONVERSION = YES;
				CLANG_WARN_OBJC_ROOT_CLASS = YES_ERROR;
				CLANG_WARN_RANGE_LOOP_ANALYSIS = YES;
				CLANG_WARN_STRICT_PROTOTYPES = YES;
				CLANG_WARN_SUSPICIOUS_MOVE = YES;
				CLANG_WARN_UNGUARDED_AVAILABILITY = YES_AGGRESSIVE;
				CLANG_WARN_UNREACHABLE_CODE = YES;
				CLANG_WARN__DUPLICATE_METHOD_MATCH = YES;
				COPY_PHASE_STRIP = NO;
				DEBUG_INFORMATION_FORMAT = dwarf;
				ENABLE_STRICT_OBJC_MSGSEND = YES;
				ENABLE_TESTABILITY = YES;
				GCC_C_LANGUAGE_STANDARD = gnu11;
				GCC_DYNAMIC_NO_PIC = NO;
				GCC_NO_COMMON_BLOCKS = YES;
				GCC_OPTIMIZATION_LEVEL = 0;
				GCC_PREPROCESSOR_DEFINITIONS = (
					"DEBUG=1",
					"$(inherited)",
				);
				GCC_WARN_64_TO_32_BIT_CONVERSION = YES;
				GCC_WARN_ABOUT_RETURN_TYPE = YES_ERROR;
				GCC_WARN_UNDECLARED_SELECTOR = YES;
				GCC_WARN_UNINITIALIZED_AUTOS = YES_AGGRESSIVE;
				GCC_WARN_UNUSED_FUNCTION = YES;
				GCC_WARN_UNUSED_VARIABLE = YES;
				IPHONEOS_DEPLOYMENT_TARGET = 13.0;
				MTL_ENABLE_DEBUG_INFO = INCLUDE_SOURCE;
				MTL_FAST_MATH = YES;
				ONLY_ACTIVE_ARCH = YES;
				SDKROOT = iphoneos;
				SWIFT_ACTIVE_COMPILATION_CONDITIONS = DEBUG;
				SWIFT_OPTIMIZATION_LEVEL = "-Onone";
			};
			name = Debug;
		};
		823457FD22B6346300DBC90B /* Release */ = {
			isa = XCBuildConfiguration;
			buildSettings = {
				ALWAYS_SEARCH_USER_PATHS = NO;
				CLANG_ANALYZER_NONNULL = YES;
				CLANG_ANALYZER_NUMBER_OBJECT_CONVERSION = YES_AGGRESSIVE;
				CLANG_CXX_LANGUAGE_STANDARD = "gnu++14";
				CLANG_CXX_LIBRARY = "libc++";
				CLANG_ENABLE_MODULES = YES;
				CLANG_ENABLE_OBJC_ARC = YES;
				CLANG_ENABLE_OBJC_WEAK = YES;
				CLANG_WARN_BLOCK_CAPTURE_AUTORELEASING = YES;
				CLANG_WARN_BOOL_CONVERSION = YES;
				CLANG_WARN_COMMA = YES;
				CLANG_WARN_CONSTANT_CONVERSION = YES;
				CLANG_WARN_DEPRECATED_OBJC_IMPLEMENTATIONS = YES;
				CLANG_WARN_DIRECT_OBJC_ISA_USAGE = YES_ERROR;
				CLANG_WARN_DOCUMENTATION_COMMENTS = YES;
				CLANG_WARN_EMPTY_BODY = YES;
				CLANG_WARN_ENUM_CONVERSION = YES;
				CLANG_WARN_INFINITE_RECURSION = YES;
				CLANG_WARN_INT_CONVERSION = YES;
				CLANG_WARN_NON_LITERAL_NULL_CONVERSION = YES;
				CLANG_WARN_OBJC_IMPLICIT_RETAIN_SELF = YES;
				CLANG_WARN_OBJC_LITERAL_CONVERSION = YES;
				CLANG_WARN_OBJC_ROOT_CLASS = YES_ERROR;
				CLANG_WARN_RANGE_LOOP_ANALYSIS = YES;
				CLANG_WARN_STRICT_PROTOTYPES = YES;
				CLANG_WARN_SUSPICIOUS_MOVE = YES;
				CLANG_WARN_UNGUARDED_AVAILABILITY = YES_AGGRESSIVE;
				CLANG_WARN_UNREACHABLE_CODE = YES;
				CLANG_WARN__DUPLICATE_METHOD_MATCH = YES;
				COPY_PHASE_STRIP = NO;
				DEBUG_INFORMATION_FORMAT = "dwarf-with-dsym";
				ENABLE_NS_ASSERTIONS = NO;
				ENABLE_STRICT_OBJC_MSGSEND = YES;
				GCC_C_LANGUAGE_STANDARD = gnu11;
				GCC_NO_COMMON_BLOCKS = YES;
				GCC_WARN_64_TO_32_BIT_CONVERSION = YES;
				GCC_WARN_ABOUT_RETURN_TYPE = YES_ERROR;
				GCC_WARN_UNDECLARED_SELECTOR = YES;
				GCC_WARN_UNINITIALIZED_AUTOS = YES_AGGRESSIVE;
				GCC_WARN_UNUSED_FUNCTION = YES;
				GCC_WARN_UNUSED_VARIABLE = YES;
				IPHONEOS_DEPLOYMENT_TARGET = 13.0;
				MTL_ENABLE_DEBUG_INFO = NO;
				MTL_FAST_MATH = YES;
				SDKROOT = iphoneos;
				SWIFT_COMPILATION_MODE = wholemodule;
				SWIFT_OPTIMIZATION_LEVEL = "-O";
				VALIDATE_PRODUCT = YES;
			};
			name = Release;
		};
		823457FF22B6346300DBC90B /* Debug */ = {
			isa = XCBuildConfiguration;
			buildSettings = {
				ASSETCATALOG_COMPILER_APPICON_NAME = AppIcon;
				CODE_SIGN_STYLE = Automatic;
				DEVELOPMENT_ASSET_PATHS = "SwiftUIinSceneKit/Preview\\ Content";
				DEVELOPMENT_TEAM = 43RPG97GKY;
				ENABLE_PREVIEWS = YES;
				INFOPLIST_FILE = SwiftUIinSceneKit/Info.plist;
				LD_RUNPATH_SEARCH_PATHS = (
					"$(inherited)",
					"@executable_path/Frameworks",
				);
				PRODUCT_BUNDLE_IDENTIFIER = com.toshihroGotoh.UIinScene;
				PRODUCT_NAME = "$(TARGET_NAME)";
				SWIFT_VERSION = 5.0;
				TARGETED_DEVICE_FAMILY = "1,2";
			};
			name = Debug;
		};
		8234580022B6346300DBC90B /* Release */ = {
			isa = XCBuildConfiguration;
			buildSettings = {
				ASSETCATALOG_COMPILER_APPICON_NAME = AppIcon;
				CODE_SIGN_STYLE = Automatic;
				DEVELOPMENT_ASSET_PATHS = "SwiftUIinSceneKit/Preview\\ Content";
				DEVELOPMENT_TEAM = 43RPG97GKY;
				ENABLE_PREVIEWS = YES;
				INFOPLIST_FILE = SwiftUIinSceneKit/Info.plist;
				LD_RUNPATH_SEARCH_PATHS = (
					"$(inherited)",
					"@executable_path/Frameworks",
				);
				PRODUCT_BUNDLE_IDENTIFIER = com.toshihroGotoh.UIinScene;
				PRODUCT_NAME = "$(TARGET_NAME)";
				SWIFT_VERSION = 5.0;
				TARGETED_DEVICE_FAMILY = "1,2";
			};
			name = Release;
		};
/* End XCBuildConfiguration section */

/* Begin XCConfigurationList section */
		823457E522B6346300DBC90B /* Build configuration list for PBXProject "SwiftUIinSceneKit" */ = {
			isa = XCConfigurationList;
			buildConfigurations = (
				823457FC22B6346300DBC90B /* Debug */,
				823457FD22B6346300DBC90B /* Release */,
			);
			defaultConfigurationIsVisible = 0;
			defaultConfigurationName = Release;
		};
		823457FE22B6346300DBC90B /* Build configuration list for PBXNativeTarget "SwiftUIinSceneKit" */ = {
			isa = XCConfigurationList;
			buildConfigurations = (
				823457FF22B6346300DBC90B /* Debug */,
				8234580022B6346300DBC90B /* Release */,
			);
			defaultConfigurationIsVisible = 0;
			defaultConfigurationName = Release;
		};
/* End XCConfigurationList section */
	};
	rootObject = 823457E222B6346300DBC90B /* Project object */;
}
